
Microsoft Visual Studio Solution File, Format Version 12.00
# Visual Studio 14
VisualStudioVersion = 14.0.23107.0
MinimumVisualStudioVersion = 10.0.40219.1
Project("{FAE04EC0-301F-11D3-BF4B-00C04F79EFBC}") = "01.AllocateArray", "AllocateArray\01.AllocateArray.csproj", "{8A7935E9-3A41-440D-99D7-E3E0C71E3E17}"
EndProject
Project("{FAE04EC0-301F-11D3-BF4B-00C04F79EFBC}") = "02.CompareArrays", "CompareArrays\02.CompareArrays.csproj", "{DD96EAF6-ED36-4734-9700-981643BE918D}"
EndProject
Project("{FAE04EC0-301F-11D3-BF4B-00C04F79EFBC}") = "03.CompareCharArrays", "CompareCharArrays\03.CompareCharArrays.csproj", "{599D2523-78EA-4BC5-85B7-0B43BF023690}"
EndProject
Project("{FAE04EC0-301F-11D3-BF4B-00C04F79EFBC}") = "04.MaximalSequence", "MaximalSequence\04.MaximalSequence.csproj", "{92AAF549-79EE-4F6D-B079-ECD8129BD6B9}"
EndProject
Project("{FAE04EC0-301F-11D3-BF4B-00C04F79EFBC}") = "05.MaximalIncreasingSequence", "MaximalIncreasingSequence\05.MaximalIncreasingSequence.csproj", "{3E94EC3B-B480-40DF-B4F5-7184C7C0D64C}"
EndProject
Project("{FAE04EC0-301F-11D3-BF4B-00C04F79EFBC}") = "06.MaximalKSum", "MaximalKSum\06.MaximalKSum.csproj", "{49307236-B49A-40CD-A996-664E4D6D29FF}"
EndProject
Global
	GlobalSection(SolutionConfigurationPlatforms) = preSolution
		Debug|Any CPU = Debug|Any CPU
		Release|Any CPU = Release|Any CPU
	EndGlobalSection
	GlobalSection(ProjectConfigurationPlatforms) = postSolution
		{8A7935E9-3A41-440D-99D7-E3E0C71E3E17}.Debug|Any CPU.ActiveCfg = Debug|Any CPU
		{8A7935E9-3A41-440D-99D7-E3E0C71E3E17}.Debug|Any CPU.Build.0 = Debug|Any CPU
		{8A7935E9-3A41-440D-99D7-E3E0C71E3E17}.Release|Any CPU.ActiveCfg = Release|Any CPU
		{8A7935E9-3A41-440D-99D7-E3E0C71E3E17}.Release|Any CPU.Build.0 = Release|Any CPU
		{DD96EAF6-ED36-4734-9700-981643BE918D}.Debug|Any CPU.ActiveCfg = Debug|Any CPU
		{DD96EAF6-ED36-4734-9700-981643BE918D}.Debug|Any CPU.Build.0 = Debug|Any CPU
		{DD96EAF6-ED36-4734-9700-981643BE918D}.Release|Any CPU.ActiveCfg = Release|Any CPU
		{DD96EAF6-ED36-4734-9700-981643BE918D}.Release|Any CPU.Build.0 = Release|Any CPU
		{599D2523-78EA-4BC5-85B7-0B43BF023690}.Debug|Any CPU.ActiveCfg = Debug|Any CPU
		{599D2523-78EA-4BC5-85B7-0B43BF023690}.Debug|Any CPU.Build.0 = Debug|Any CPU
		{599D2523-78EA-4BC5-85B7-0B43BF023690}.Release|Any CPU.ActiveCfg = Release|Any CPU
		{599D2523-78EA-4BC5-85B7-0B43BF023690}.Release|Any CPU.Build.0 = Release|Any CPU
		{92AAF549-79EE-4F6D-B079-ECD8129BD6B9}.Debug|Any CPU.ActiveCfg = Debug|Any CPU
		{92AAF549-79EE-4F6D-B079-ECD8129BD6B9}.Debug|Any CPU.Build.0 = Debug|Any CPU
		{92AAF549-79EE-4F6D-B079-ECD8129BD6B9}.Release|Any CPU.ActiveCfg = Release|Any CPU
		{92AAF549-79EE-4F6D-B079-ECD8129BD6B9}.Release|Any CPU.Build.0 = Release|Any CPU
		{3E94EC3B-B480-40DF-B4F5-7184C7C0D64C}.Debug|Any CPU.ActiveCfg = Debug|Any CPU
		{3E94EC3B-B480-40DF-B4F5-7184C7C0D64C}.Debug|Any CPU.Build.0 = Debug|Any CPU
		{3E94EC3B-B480-40DF-B4F5-7184C7C0D64C}.Release|Any CPU.ActiveCfg = Release|Any CPU
		{3E94EC3B-B480-40DF-B4F5-7184C7C0D64C}.Release|Any CPU.Build.0 = Release|Any CPU
		{49307236-B49A-40CD-A996-664E4D6D29FF}.Debug|Any CPU.ActiveCfg = Debug|Any CPU
		{49307236-B49A-40CD-A996-664E4D6D29FF}.Debug|Any CPU.Build.0 = Debug|Any CPU
		{49307236-B49A-40CD-A996-664E4D6D29FF}.Release|Any CPU.ActiveCfg = Release|Any CPU
		{49307236-B49A-40CD-A996-664E4D6D29FF}.Release|Any CPU.Build.0 = Release|Any CPU
	EndGlobalSection
	GlobalSection(SolutionProperties) = preSolution
		HideSolutionNode = FALSE
	EndGlobalSection
EndGlobal
